
Microsoft Visual Studio Solution File, Format Version 12.00
# Visual Studio Version 17
VisualStudioVersion = 17.4.33213.308
MinimumVisualStudioVersion = 10.0.40219.1
Project("{FAE04EC0-301F-11D3-BF4B-00C04F79EFBC}") = "DebeziumPoc.Api", "DebeziumPoc.Api\DebeziumPoc.Api.csproj", "{3789F9A5-801C-4082-97B5-C9275482E337}"
EndProject
Global
	GlobalSection(SolutionConfigurationPlatforms) = preSolution
		Debug|Any CPU = Debug|Any CPU
		Release|Any CPU = Release|Any CPU
	EndGlobalSection
	GlobalSection(ProjectConfigurationPlatforms) = postSolution
		{3789F9A5-801C-4082-97B5-C9275482E337}.Debug|Any CPU.ActiveCfg = Debug|Any CPU
		{3789F9A5-801C-4082-97B5-C9275482E337}.Debug|Any CPU.Build.0 = Debug|Any CPU
		{3789F9A5-801C-4082-97B5-C9275482E337}.Release|Any CPU.ActiveCfg = Release|Any CPU
		{3789F9A5-801C-4082-97B5-C9275482E337}.Release|Any CPU.Build.0 = Release|Any CPU
	EndGlobalSection
	GlobalSection(SolutionProperties) = preSolution
		HideSolutionNode = FALSE
	EndGlobalSection
	GlobalSection(ExtensibilityGlobals) = postSolution
		SolutionGuid = {E88CD898-A920-4B96-8967-7F05C8C18078}
	EndGlobalSection
EndGlobal
